
Microsoft Visual Studio Solution File, Format Version 12.00
# Visual Studio Version 16
VisualStudioVersion = 16.0.31321.278
MinimumVisualStudioVersion = 10.0.40219.1
Project("{FAE04EC0-301F-11D3-BF4B-00C04F79EFBC}") = "ChessMatesBobrov", "ChessMatesBobrov\ChessMatesBobrov.csproj", "{49ED60D8-79B4-40C1-B53E-7C9C50A29896}"
EndProject
Global
	GlobalSection(SolutionConfigurationPlatforms) = preSolution
		Debug|Any CPU = Debug|Any CPU
		Release|Any CPU = Release|Any CPU
	EndGlobalSection
	GlobalSection(ProjectConfigurationPlatforms) = postSolution
		{49ED60D8-79B4-40C1-B53E-7C9C50A29896}.Debug|Any CPU.ActiveCfg = Debug|Any CPU
		{49ED60D8-79B4-40C1-B53E-7C9C50A29896}.Debug|Any CPU.Build.0 = Debug|Any CPU
		{49ED60D8-79B4-40C1-B53E-7C9C50A29896}.Release|Any CPU.ActiveCfg = Release|Any CPU
		{49ED60D8-79B4-40C1-B53E-7C9C50A29896}.Release|Any CPU.Build.0 = Release|Any CPU
	EndGlobalSection
	GlobalSection(SolutionProperties) = preSolution
		HideSolutionNode = FALSE
	EndGlobalSection
	GlobalSection(ExtensibilityGlobals) = postSolution
		SolutionGuid = {61A5140C-718E-4F18-B306-FBC81648D0A7}
	EndGlobalSection
EndGlobal
